Microsoft Visual Studio Solution File, Format Version 12.00
# Visual Studio Version 17
VisualStudioVersion = 17.0.31903.59
MinimumVisualStudioVersion = 10.0.40219.1
Project("{2150E333-8FDC-42A3-9474-1A3956D46DE8}") = "shared", "shared", "{A0000000-0000-0000-0000-000000000001}"
EndProject
Project("{FAE04EC0-301F-11D3-BF4B-00C04F79EFBC}") = "RedCar.Shared.Contracts", "shared\RedCar.Shared.Contracts\RedCar.Shared.Contracts.csproj", "{B0000001-0000-0000-0000-000000000001}"
EndProject
Project("{FAE04EC0-301F-11D3-BF4B-00C04F79EFBC}") = "RedCar.Shared.Protos", "shared\RedCar.Shared.Protos\RedCar.Shared.Protos.csproj", "{B0000001-0000-0000-0000-000000000002}"
EndProject
Project("{FAE04EC0-301F-11D3-BF4B-00C04F79EFBC}") = "RedCar.Shared.Auth", "shared\RedCar.Shared.Auth\RedCar.Shared.Auth.csproj", "{B0000001-0000-0000-0000-000000000003}"
EndProject
Project("{2150E333-8FDC-42A3-9474-1A3956D46DE8}") = "microservices", "microservices", "{A0000000-0000-0000-0000-000000000002}"
EndProject
Project("{2150E333-8FDC-42A3-9474-1A3956D46DE8}") = "Seguridad", "Seguridad", "{A0000000-0000-0000-0000-000000000010}"
EndProject
Project("{FAE04EC0-301F-11D3-BF4B-00C04F79EFBC}") = "RedCar.Seguridad.Api", "microservices\Seguridad\RedCar.Seguridad.Api\RedCar.Seguridad.Api.csproj", "{C0000001-0000-0000-0000-000000000001}"
EndProject
Project("{FAE04EC0-301F-11D3-BF4B-00C04F79EFBC}") = "RedCar.Seguridad.Business", "microservices\Seguridad\RedCar.Seguridad.Business\RedCar.Seguridad.Business.csproj", "{C0000001-0000-0000-0000-000000000002}"
EndProject
Project("{FAE04EC0-301F-11D3-BF4B-00C04F79EFBC}") = "RedCar.Seguridad.DataManagement", "microservices\Seguridad\RedCar.Seguridad.DataManagement\RedCar.Seguridad.DataManagement.csproj", "{C0000001-0000-0000-0000-000000000003}"
EndProject
Project("{FAE04EC0-301F-11D3-BF4B-00C04F79EFBC}") = "RedCar.Seguridad.DataAccess", "microservices\Seguridad\RedCar.Seguridad.DataAccess\RedCar.Seguridad.DataAccess.csproj", "{C0000001-0000-0000-0000-000000000004}"
EndProject
Project("{2150E333-8FDC-42A3-9474-1A3956D46DE8}") = "Catalogo", "Catalogo", "{A0000000-0000-0000-0000-000000000011}"
EndProject
Project("{FAE04EC0-301F-11D3-BF4B-00C04F79EFBC}") = "RedCar.Catalogo.Api", "microservices\Catalogo\RedCar.Catalogo.Api\RedCar.Catalogo.Api.csproj", "{C0000002-0000-0000-0000-000000000001}"
EndProject
Project("{FAE04EC0-301F-11D3-BF4B-00C04F79EFBC}") = "RedCar.Catalogo.Business", "microservices\Catalogo\RedCar.Catalogo.Business\RedCar.Catalogo.Business.csproj", "{C0000002-0000-0000-0000-000000000002}"
EndProject
Project("{FAE04EC0-301F-11D3-BF4B-00C04F79EFBC}") = "RedCar.Catalogo.DataManagement", "microservices\Catalogo\RedCar.Catalogo.DataManagement\RedCar.Catalogo.DataManagement.csproj", "{C0000002-0000-0000-0000-000000000003}"
EndProject
Project("{FAE04EC0-301F-11D3-BF4B-00C04F79EFBC}") = "RedCar.Catalogo.DataAccess", "microservices\Catalogo\RedCar.Catalogo.DataAccess\RedCar.Catalogo.DataAccess.csproj", "{C0000002-0000-0000-0000-000000000004}"
EndProject
Project("{2150E333-8FDC-42A3-9474-1A3956D46DE8}") = "Localizaciones", "Localizaciones", "{A0000000-0000-0000-0000-000000000012}"
EndProject
Project("{FAE04EC0-301F-11D3-BF4B-00C04F79EFBC}") = "RedCar.Localizaciones.Api", "microservices\Localizaciones\RedCar.Localizaciones.Api\RedCar.Localizaciones.Api.csproj", "{C0000003-0000-0000-0000-000000000001}"
EndProject
Project("{FAE04EC0-301F-11D3-BF4B-00C04F79EFBC}") = "RedCar.Localizaciones.Business", "microservices\Localizaciones\RedCar.Localizaciones.Business\RedCar.Localizaciones.Business.csproj", "{C0000003-0000-0000-0000-000000000002}"
EndProject
Project("{FAE04EC0-301F-11D3-BF4B-00C04F79EFBC}") = "RedCar.Localizaciones.DataManagement", "microservices\Localizaciones\RedCar.Localizaciones.DataManagement\RedCar.Localizaciones.DataManagement.csproj", "{C0000003-0000-0000-0000-000000000003}"
EndProject
Project("{FAE04EC0-301F-11D3-BF4B-00C04F79EFBC}") = "RedCar.Localizaciones.DataAccess", "microservices\Localizaciones\RedCar.Localizaciones.DataAccess\RedCar.Localizaciones.DataAccess.csproj", "{C0000003-0000-0000-0000-000000000004}"
EndProject
Project("{2150E333-8FDC-42A3-9474-1A3956D46DE8}") = "Clientes", "Clientes", "{A0000000-0000-0000-0000-000000000013}"
EndProject
Project("{FAE04EC0-301F-11D3-BF4B-00C04F79EFBC}") = "RedCar.Clientes.Api", "microservices\Clientes\RedCar.Clientes.Api\RedCar.Clientes.Api.csproj", "{C0000004-0000-0000-0000-000000000001}"
EndProject
Project("{FAE04EC0-301F-11D3-BF4B-00C04F79EFBC}") = "RedCar.Clientes.Business", "microservices\Clientes\RedCar.Clientes.Business\RedCar.Clientes.Business.csproj", "{C0000004-0000-0000-0000-000000000002}"
EndProject
Project("{FAE04EC0-301F-11D3-BF4B-00C04F79EFBC}") = "RedCar.Clientes.DataManagement", "microservices\Clientes\RedCar.Clientes.DataManagement\RedCar.Clientes.DataManagement.csproj", "{C0000004-0000-0000-0000-000000000003}"
EndProject
Project("{FAE04EC0-301F-11D3-BF4B-00C04F79EFBC}") = "RedCar.Clientes.DataAccess", "microservices\Clientes\RedCar.Clientes.DataAccess\RedCar.Clientes.DataAccess.csproj", "{C0000004-0000-0000-0000-000000000004}"
EndProject
Project("{2150E333-8FDC-42A3-9474-1A3956D46DE8}") = "Reservas", "Reservas", "{A0000000-0000-0000-0000-000000000014}"
EndProject
Project("{FAE04EC0-301F-11D3-BF4B-00C04F79EFBC}") = "RedCar.Reservas.Api", "microservices\Reservas\RedCar.Reservas.Api\RedCar.Reservas.Api.csproj", "{C0000005-0000-0000-0000-000000000001}"
EndProject
Project("{FAE04EC0-301F-11D3-BF4B-00C04F79EFBC}") = "RedCar.Reservas.Business", "microservices\Reservas\RedCar.Reservas.Business\RedCar.Reservas.Business.csproj", "{C0000005-0000-0000-0000-000000000002}"
EndProject
Project("{FAE04EC0-301F-11D3-BF4B-00C04F79EFBC}") = "RedCar.Reservas.DataManagement", "microservices\Reservas\RedCar.Reservas.DataManagement\RedCar.Reservas.DataManagement.csproj", "{C0000005-0000-0000-0000-000000000003}"
EndProject
Project("{FAE04EC0-301F-11D3-BF4B-00C04F79EFBC}") = "RedCar.Reservas.DataAccess", "microservices\Reservas\RedCar.Reservas.DataAccess\RedCar.Reservas.DataAccess.csproj", "{C0000005-0000-0000-0000-000000000004}"
EndProject
Global
	GlobalSection(SolutionConfigurationPlatforms) = preSolution
		Debug|Any CPU = Debug|Any CPU
		Release|Any CPU = Release|Any CPU
	EndGlobalSection
	GlobalSection(ProjectConfigurationPlatforms) = postSolution
		{B0000001-0000-0000-0000-000000000001}.Debug|Any CPU.ActiveCfg = Debug|Any CPU
		{B0000001-0000-0000-0000-000000000001}.Debug|Any CPU.Build.0 = Debug|Any CPU
		{B0000001-0000-0000-0000-000000000001}.Release|Any CPU.ActiveCfg = Release|Any CPU
		{B0000001-0000-0000-0000-000000000001}.Release|Any CPU.Build.0 = Release|Any CPU
		{B0000001-0000-0000-0000-000000000002}.Debug|Any CPU.ActiveCfg = Debug|Any CPU
		{B0000001-0000-0000-0000-000000000002}.Debug|Any CPU.Build.0 = Debug|Any CPU
		{B0000001-0000-0000-0000-000000000002}.Release|Any CPU.ActiveCfg = Release|Any CPU
		{B0000001-0000-0000-0000-000000000002}.Release|Any CPU.Build.0 = Release|Any CPU
		{B0000001-0000-0000-0000-000000000003}.Debug|Any CPU.ActiveCfg = Debug|Any CPU
		{B0000001-0000-0000-0000-000000000003}.Debug|Any CPU.Build.0 = Debug|Any CPU
		{B0000001-0000-0000-0000-000000000003}.Release|Any CPU.ActiveCfg = Release|Any CPU
		{B0000001-0000-0000-0000-000000000003}.Release|Any CPU.Build.0 = Release|Any CPU
		{C0000001-0000-0000-0000-000000000001}.Debug|Any CPU.ActiveCfg = Debug|Any CPU
		{C0000001-0000-0000-0000-000000000001}.Debug|Any CPU.Build.0 = Debug|Any CPU
		{C0000001-0000-0000-0000-000000000001}.Release|Any CPU.ActiveCfg = Release|Any CPU
		{C0000001-0000-0000-0000-000000000001}.Release|Any CPU.Build.0 = Release|Any CPU
		{C0000001-0000-0000-0000-000000000002}.Debug|Any CPU.ActiveCfg = Debug|Any CPU
		{C0000001-0000-0000-0000-000000000002}.Debug|Any CPU.Build.0 = Debug|Any CPU
		{C0000001-0000-0000-0000-000000000002}.Release|Any CPU.ActiveCfg = Release|Any CPU
		{C0000001-0000-0000-0000-000000000002}.Release|Any CPU.Build.0 = Release|Any CPU
		{C0000001-0000-0000-0000-000000000003}.Debug|Any CPU.ActiveCfg = Debug|Any CPU
		{C0000001-0000-0000-0000-000000000003}.Debug|Any CPU.Build.0 = Debug|Any CPU
		{C0000001-0000-0000-0000-000000000003}.Release|Any CPU.ActiveCfg = Release|Any CPU
		{C0000001-0000-0000-0000-000000000003}.Release|Any CPU.Build.0 = Release|Any CPU
		{C0000001-0000-0000-0000-000000000004}.Debug|Any CPU.ActiveCfg = Debug|Any CPU
		{C0000001-0000-0000-0000-000000000004}.Debug|Any CPU.Build.0 = Debug|Any CPU
		{C0000001-0000-0000-0000-000000000004}.Release|Any CPU.ActiveCfg = Release|Any CPU
		{C0000001-0000-0000-0000-000000000004}.Release|Any CPU.Build.0 = Release|Any CPU
		{C0000002-0000-0000-0000-000000000001}.Debug|Any CPU.ActiveCfg = Debug|Any CPU
		{C0000002-0000-0000-0000-000000000001}.Debug|Any CPU.Build.0 = Debug|Any CPU
		{C0000002-0000-0000-0000-000000000001}.Release|Any CPU.ActiveCfg = Release|Any CPU
		{C0000002-0000-0000-0000-000000000001}.Release|Any CPU.Build.0 = Release|Any CPU
		{C0000002-0000-0000-0000-000000000002}.Debug|Any CPU.ActiveCfg = Debug|Any CPU
		{C0000002-0000-0000-0000-000000000002}.Debug|Any CPU.Build.0 = Debug|Any CPU
		{C0000002-0000-0000-0000-000000000002}.Release|Any CPU.ActiveCfg = Release|Any CPU
		{C0000002-0000-0000-0000-000000000002}.Release|Any CPU.Build.0 = Release|Any CPU
		{C0000002-0000-0000-0000-000000000003}.Debug|Any CPU.ActiveCfg = Debug|Any CPU
		{C0000002-0000-0000-0000-000000000003}.Debug|Any CPU.Build.0 = Debug|Any CPU
		{C0000002-0000-0000-0000-000000000003}.Release|Any CPU.ActiveCfg = Release|Any CPU
		{C0000002-0000-0000-0000-000000000003}.Release|Any CPU.Build.0 = Release|Any CPU
		{C0000002-0000-0000-0000-000000000004}.Debug|Any CPU.ActiveCfg = Debug|Any CPU
		{C0000002-0000-0000-0000-000000000004}.Debug|Any CPU.Build.0 = Debug|Any CPU
		{C0000002-0000-0000-0000-000000000004}.Release|Any CPU.ActiveCfg = Release|Any CPU
		{C0000002-0000-0000-0000-000000000004}.Release|Any CPU.Build.0 = Release|Any CPU
		{C0000003-0000-0000-0000-000000000001}.Debug|Any CPU.ActiveCfg = Debug|Any CPU
		{C0000003-0000-0000-0000-000000000001}.Debug|Any CPU.Build.0 = Debug|Any CPU
		{C0000003-0000-0000-0000-000000000001}.Release|Any CPU.ActiveCfg = Release|Any CPU
		{C0000003-0000-0000-0000-000000000001}.Release|Any CPU.Build.0 = Release|Any CPU
		{C0000003-0000-0000-0000-000000000002}.Debug|Any CPU.ActiveCfg = Debug|Any CPU
		{C0000003-0000-0000-0000-000000000002}.Debug|Any CPU.Build.0 = Debug|Any CPU
		{C0000003-0000-0000-0000-000000000002}.Release|Any CPU.ActiveCfg = Release|Any CPU
		{C0000003-0000-0000-0000-000000000002}.Release|Any CPU.Build.0 = Release|Any CPU
		{C0000003-0000-0000-0000-000000000003}.Debug|Any CPU.ActiveCfg = Debug|Any CPU
		{C0000003-0000-0000-0000-000000000003}.Debug|Any CPU.Build.0 = Debug|Any CPU
		{C0000003-0000-0000-0000-000000000003}.Release|Any CPU.ActiveCfg = Release|Any CPU
		{C0000003-0000-0000-0000-000000000003}.Release|Any CPU.Build.0 = Release|Any CPU
		{C0000003-0000-0000-0000-000000000004}.Debug|Any CPU.ActiveCfg = Debug|Any CPU
		{C0000003-0000-0000-0000-000000000004}.Debug|Any CPU.Build.0 = Debug|Any CPU
		{C0000003-0000-0000-0000-000000000004}.Release|Any CPU.ActiveCfg = Release|Any CPU
		{C0000003-0000-0000-0000-000000000004}.Release|Any CPU.Build.0 = Release|Any CPU
		{C0000004-0000-0000-0000-000000000001}.Debug|Any CPU.ActiveCfg = Debug|Any CPU
		{C0000004-0000-0000-0000-000000000001}.Debug|Any CPU.Build.0 = Debug|Any CPU
		{C0000004-0000-0000-0000-000000000001}.Release|Any CPU.ActiveCfg = Release|Any CPU
		{C0000004-0000-0000-0000-000000000001}.Release|Any CPU.Build.0 = Release|Any CPU
		{C0000004-0000-0000-0000-000000000002}.Debug|Any CPU.ActiveCfg = Debug|Any CPU
		{C0000004-0000-0000-0000-000000000002}.Debug|Any CPU.Build.0 = Debug|Any CPU
		{C0000004-0000-0000-0000-000000000002}.Release|Any CPU.ActiveCfg = Release|Any CPU
		{C0000004-0000-0000-0000-000000000002}.Release|Any CPU.Build.0 = Release|Any CPU
		{C0000004-0000-0000-0000-000000000003}.Debug|Any CPU.ActiveCfg = Debug|Any CPU
		{C0000004-0000-0000-0000-000000000003}.Debug|Any CPU.Build.0 = Debug|Any CPU
		{C0000004-0000-0000-0000-000000000003}.Release|Any CPU.ActiveCfg = Release|Any CPU
		{C0000004-0000-0000-0000-000000000003}.Release|Any CPU.Build.0 = Release|Any CPU
		{C0000004-0000-0000-0000-000000000004}.Debug|Any CPU.ActiveCfg = Debug|Any CPU
		{C0000004-0000-0000-0000-000000000004}.Debug|Any CPU.Build.0 = Debug|Any CPU
		{C0000004-0000-0000-0000-000000000004}.Release|Any CPU.ActiveCfg = Release|Any CPU
		{C0000004-0000-0000-0000-000000000004}.Release|Any CPU.Build.0 = Release|Any CPU
		{C0000005-0000-0000-0000-000000000001}.Debug|Any CPU.ActiveCfg = Debug|Any CPU
		{C0000005-0000-0000-0000-000000000001}.Debug|Any CPU.Build.0 = Debug|Any CPU
		{C0000005-0000-0000-0000-000000000001}.Release|Any CPU.ActiveCfg = Release|Any CPU
		{C0000005-0000-0000-0000-000000000001}.Release|Any CPU.Build.0 = Release|Any CPU
		{C0000005-0000-0000-0000-000000000002}.Debug|Any CPU.ActiveCfg = Debug|Any CPU
		{C0000005-0000-0000-0000-000000000002}.Debug|Any CPU.Build.0 = Debug|Any CPU
		{C0000005-0000-0000-0000-000000000002}.Release|Any CPU.ActiveCfg = Release|Any CPU
		{C0000005-0000-0000-0000-000000000002}.Release|Any CPU.Build.0 = Release|Any CPU
		{C0000005-0000-0000-0000-000000000003}.Debug|Any CPU.ActiveCfg = Debug|Any CPU
		{C0000005-0000-0000-0000-000000000003}.Debug|Any CPU.Build.0 = Debug|Any CPU
		{C0000005-0000-0000-0000-000000000003}.Release|Any CPU.ActiveCfg = Release|Any CPU
		{C0000005-0000-0000-0000-000000000003}.Release|Any CPU.Build.0 = Release|Any CPU
		{C0000005-0000-0000-0000-000000000004}.Debug|Any CPU.ActiveCfg = Debug|Any CPU
		{C0000005-0000-0000-0000-000000000004}.Debug|Any CPU.Build.0 = Debug|Any CPU
		{C0000005-0000-0000-0000-000000000004}.Release|Any CPU.ActiveCfg = Release|Any CPU
		{C0000005-0000-0000-0000-000000000004}.Release|Any CPU.Build.0 = Release|Any CPU
	EndGlobalSection
	GlobalSection(NestedProjects) = preSolution
		{B0000001-0000-0000-0000-000000000001} = {A0000000-0000-0000-0000-000000000001}
		{B0000001-0000-0000-0000-000000000002} = {A0000000-0000-0000-0000-000000000001}
		{B0000001-0000-0000-0000-000000000003} = {A0000000-0000-0000-0000-000000000001}
		{A0000000-0000-0000-0000-000000000010} = {A0000000-0000-0000-0000-000000000002}
		{A0000000-0000-0000-0000-000000000011} = {A0000000-0000-0000-0000-000000000002}
		{A0000000-0000-0000-0000-000000000012} = {A0000000-0000-0000-0000-000000000002}
		{A0000000-0000-0000-0000-000000000013} = {A0000000-0000-0000-0000-000000000002}
		{A0000000-0000-0000-0000-000000000014} = {A0000000-0000-0000-0000-000000000002}
		{C0000001-0000-0000-0000-000000000001} = {A0000000-0000-0000-0000-000000000010}
		{C0000001-0000-0000-0000-000000000002} = {A0000000-0000-0000-0000-000000000010}
		{C0000001-0000-0000-0000-000000000003} = {A0000000-0000-0000-0000-000000000010}
		{C0000001-0000-0000-0000-000000000004} = {A0000000-0000-0000-0000-000000000010}
		{C0000002-0000-0000-0000-000000000001} = {A0000000-0000-0000-0000-000000000011}
		{C0000002-0000-0000-0000-000000000002} = {A0000000-0000-0000-0000-000000000011}
		{C0000002-0000-0000-0000-000000000003} = {A0000000-0000-0000-0000-000000000011}
		{C0000002-0000-0000-0000-000000000004} = {A0000000-0000-0000-0000-000000000011}
		{C0000003-0000-0000-0000-000000000001} = {A0000000-0000-0000-0000-000000000012}
		{C0000003-0000-0000-0000-000000000002} = {A0000000-0000-0000-0000-000000000012}
		{C0000003-0000-0000-0000-000000000003} = {A0000000-0000-0000-0000-000000000012}
		{C0000003-0000-0000-0000-000000000004} = {A0000000-0000-0000-0000-000000000012}
		{C0000004-0000-0000-0000-000000000001} = {A0000000-0000-0000-0000-000000000013}
		{C0000004-0000-0000-0000-000000000002} = {A0000000-0000-0000-0000-000000000013}
		{C0000004-0000-0000-0000-000000000003} = {A0000000-0000-0000-0000-000000000013}
		{C0000004-0000-0000-0000-000000000004} = {A0000000-0000-0000-0000-000000000013}
		{C0000005-0000-0000-0000-000000000001} = {A0000000-0000-0000-0000-000000000014}
		{C0000005-0000-0000-0000-000000000002} = {A0000000-0000-0000-0000-000000000014}
		{C0000005-0000-0000-0000-000000000003} = {A0000000-0000-0000-0000-000000000014}
		{C0000005-0000-0000-0000-000000000004} = {A0000000-0000-0000-0000-000000000014}
	EndGlobalSection
EndGlobal
